#
# This file is autogenerated by pip-compile with Python 3.11
# by the following command:
#
#    pip-compile --generate-hashes --output-file=.docker/lint/py-requirements.lock .docker/lint/py-requirements.txt
#
black==22.1.0 \
    --hash=sha256:07e5c049442d7ca1a2fc273c79d1aecbbf1bc858f62e8184abe1ad175c4f7cc2 \
    --hash=sha256:0e21e1f1efa65a50e3960edd068b6ae6d64ad6235bd8bfea116a03b21836af71 \
    --hash=sha256:1297c63b9e1b96a3d0da2d85d11cd9bf8664251fd69ddac068b98dc4f34f73b6 \
    --hash=sha256:228b5ae2c8e3d6227e4bde5920d2fc66cc3400fde7bcc74f480cb07ef0b570d5 \
    --hash=sha256:2d6f331c02f0f40aa51a22e479c8209d37fcd520c77721c034517d44eecf5912 \
    --hash=sha256:2ff96450d3ad9ea499fc4c60e425a1439c2120cbbc1ab959ff20f7c76ec7e866 \
    --hash=sha256:3524739d76b6b3ed1132422bf9d82123cd1705086723bc3e235ca39fd21c667d \
    --hash=sha256:35944b7100af4a985abfcaa860b06af15590deb1f392f06c8683b4381e8eeaf0 \
    --hash=sha256:373922fc66676133ddc3e754e4509196a8c392fec3f5ca4486673e685a421321 \
    --hash=sha256:5fa1db02410b1924b6749c245ab38d30621564e658297484952f3d8a39fce7e8 \
    --hash=sha256:6f2f01381f91c1efb1451998bd65a129b3ed6f64f79663a55fe0e9b74a5f81fd \
    --hash=sha256:742ce9af3086e5bd07e58c8feb09dbb2b047b7f566eb5f5bc63fd455814979f3 \
    --hash=sha256:7835fee5238fc0a0baf6c9268fb816b5f5cd9b8793423a75e8cd663c48d073ba \
    --hash=sha256:8871fcb4b447206904932b54b567923e5be802b9b19b744fdff092bd2f3118d0 \
    --hash=sha256:a7c0192d35635f6fc1174be575cb7915e92e5dd629ee79fdaf0dcfa41a80afb5 \
    --hash=sha256:b1a5ed73ab4c482208d20434f700d514f66ffe2840f63a6252ecc43a9bc77e8a \
    --hash=sha256:c8226f50b8c34a14608b848dc23a46e5d08397d009446353dad45e04af0c8e28 \
    --hash=sha256:ccad888050f5393f0d6029deea2a33e5ae371fd182a697313bdbd835d3edaf9c \
    --hash=sha256:dae63f2dbf82882fa3b2a3c49c32bffe144970a573cd68d247af6560fc493ae1 \
    --hash=sha256:e2f69158a7d120fd641d1fa9a921d898e20d52e44a74a6fbbcc570a62a6bc8ab \
    --hash=sha256:efbadd9b52c060a8fc3b9658744091cb33c31f830b3f074422ed27bad2b18e8f \
    --hash=sha256:f5660feab44c2e3cb24b2419b998846cbb01c23c7fe645fee45087efa3da2d61 \
    --hash=sha256:fdb8754b453fb15fad3f72cd9cad3e16776f0964d67cf30ebcbf10327a3777a3
    # via blue
blue==0.9.1 \
    --hash=sha256:037742c072c58a2ff024f59fb9164257b907f97f8f862008db3b013d1f27cc22 \
    --hash=sha256:76b4f26884a8425042356601d80773db6e0e14bebaa7a59d7c54bf8cef2e2af5
    # via -r .docker/lint/py-requirements.txt
click==8.3.1 \
    --hash=sha256:12ff4785d337a1bb490bb7e9c2b1ee5da3112e94a8622f26a6c77f5d2fc6842a \
    --hash=sha256:981153a64e25f12d547d3426c367a4857371575ee7ad18df2a6183ab0545b2a6
    # via black
flake8==4.0.1 \
    --hash=sha256:479b1304f72536a55948cb40a32dce8bb0ffe3501e26eaf292c7e60eb5e0428d \
    --hash=sha256:806e034dda44114815e23c16ef92f95c91e4c71100ff52813adf7132a6ad870d
    # via
    #   -r .docker/lint/py-requirements.txt
    #   blue
isort==7.0.0 \
    --hash=sha256:1bcabac8bc3c36c7fb7b98a76c8abb18e0f841a3ba81decac7691008592499c1 \
    --hash=sha256:5513527951aadb3ac4292a41a16cbc50dd1642432f5e8c20057d414bdafb4187
    # via -r .docker/lint/py-requirements.txt
mccabe==0.6.1 \
    --hash=sha256:ab8a6258860da4b6677da4bd2fe5dc2c659cff31b3ee4f7f5d64e79735b80d42 \
    --hash=sha256:dd8d182285a0fe56bace7f45b5e7d1a6ebcbf524e8f3bd87eb0f125271b8831f
    # via flake8
mypy-extensions==1.1.0 \
    --hash=sha256:1be4cccdb0f2482337c4743e60421de3a356cd97508abadd57d47403e94f5505 \
    --hash=sha256:52e68efc3284861e772bbcd66823fde5ae21fd2fdb51c62a211403730b916558
    # via black
pathspec==1.0.3 \
    --hash=sha256:bac5cf97ae2c2876e2d25ebb15078eb04d76e4b98921ee31c6f85ade8b59444d \
    --hash=sha256:e80767021c1cc524aa3fb14bedda9c34406591343cc42797b386ce7b9354fb6c
    # via black
platformdirs==4.5.1 \
    --hash=sha256:61d5cdcc6065745cdd94f0f878977f8de9437be93de97c1c12f853c9c0cdcbda \
    --hash=sha256:d03afa3963c806a9bed9d5125c8f4cb2fdaf74a55ab60e5d59b3fde758104d31
    # via black
pycodestyle==2.8.0 \
    --hash=sha256:720f8b39dde8b293825e7ff02c475f3077124006db4f440dcbc9a20b76548a20 \
    --hash=sha256:eddd5847ef438ea1c7870ca7eb78a9d47ce0cdb4851a5523949f2601d0cbbe7f
    # via flake8
pyflakes==2.4.0 \
    --hash=sha256:05a85c2872edf37a4ed30b0cce2f6093e1d0581f8c19d7393122da7e25b2b24c \
    --hash=sha256:3bb3a3f256f4b7968c9c788781e4ff07dce46bdf12339dcda61053375426ee2e
    # via flake8
tomli==2.3.0 \
    --hash=sha256:00b5f5d95bbfc7d12f91ad8c593a1659b6387b43f054104cda404be6bda62456 \
    --hash=sha256:0a154a9ae14bfcf5d8917a59b51ffd5a3ac1fd149b71b47a3a104ca4edcfa845 \
    --hash=sha256:0c95ca56fbe89e065c6ead5b593ee64b84a26fca063b5d71a1122bf26e533999 \
    --hash=sha256:0eea8cc5c5e9f89c9b90c4896a8deefc74f518db5927d0e0e8d4a80953d774d0 \
    --hash=sha256:1cb4ed918939151a03f33d4242ccd0aa5f11b3547d0cf30f7c74a408a5b99878 \
    --hash=sha256:4021923f97266babc6ccab9f5068642a0095faa0a51a246a6a02fccbb3514eaf \
    --hash=sha256:4c2ef0244c75aba9355561272009d934953817c49f47d768070c3c94355c2aa3 \
    --hash=sha256:4dc4ce8483a5d429ab602f111a93a6ab1ed425eae3122032db7e9acf449451be \
    --hash=sha256:4f195fe57ecceac95a66a75ac24d9d5fbc98ef0962e09b2eddec5d39375aae52 \
    --hash=sha256:5192f562738228945d7b13d4930baffda67b69425a7f0da96d360b0a3888136b \
    --hash=sha256:5e01decd096b1530d97d5d85cb4dff4af2d8347bd35686654a004f8dea20fc67 \
    --hash=sha256:64be704a875d2a59753d80ee8a533c3fe183e3f06807ff7dc2232938ccb01549 \
    --hash=sha256:70a251f8d4ba2d9ac2542eecf008b3c8a9fc5c3f9f02c56a9d7952612be2fdba \
    --hash=sha256:73ee0b47d4dad1c5e996e3cd33b8a76a50167ae5f96a2607cbe8cc773506ab22 \
    --hash=sha256:74bf8464ff93e413514fefd2be591c3b0b23231a77f901db1eb30d6f712fc42c \
    --hash=sha256:792262b94d5d0a466afb5bc63c7daa9d75520110971ee269152083270998316f \
    --hash=sha256:7b0882799624980785240ab732537fcfc372601015c00f7fc367c55308c186f6 \
    --hash=sha256:883b1c0d6398a6a9d29b508c331fa56adbcdff647f6ace4dfca0f50e90dfd0ba \
    --hash=sha256:88bd15eb972f3664f5ed4b57c1634a97153b4bac4479dcb6a495f41921eb7f45 \
    --hash=sha256:8a35dd0e643bb2610f156cca8db95d213a90015c11fee76c946aa62b7ae7e02f \
    --hash=sha256:940d56ee0410fa17ee1f12b817b37a4d4e4dc4d27340863cc67236c74f582e77 \
    --hash=sha256:97d5eec30149fd3294270e889b4234023f2c69747e555a27bd708828353ab606 \
    --hash=sha256:a0e285d2649b78c0d9027570d4da3425bdb49830a6156121360b3f8511ea3441 \
    --hash=sha256:a1f7f282fe248311650081faafa5f4732bdbfef5d45fe3f2e702fbc6f2d496e0 \
    --hash=sha256:a4ea38c40145a357d513bffad0ed869f13c1773716cf71ccaa83b0fa0cc4e42f \
    --hash=sha256:a56212bdcce682e56b0aaf79e869ba5d15a6163f88d5451cbde388d48b13f530 \
    --hash=sha256:ad805ea85eda330dbad64c7ea7a4556259665bdf9d2672f5dccc740eb9d3ca05 \
    --hash=sha256:b273fcbd7fc64dc3600c098e39136522650c49bca95df2d11cf3b626422392c8 \
    --hash=sha256:b5870b50c9db823c595983571d1296a6ff3e1b88f734a4c8f6fc6188397de005 \
    --hash=sha256:b74a0e59ec5d15127acdabd75ea17726ac4c5178ae51b85bfe39c4f8a278e879 \
    --hash=sha256:be71c93a63d738597996be9528f4abe628d1adf5e6eb11607bc8fe1a510b5dae \
    --hash=sha256:c22a8bf253bacc0cf11f35ad9808b6cb75ada2631c2d97c971122583b129afbc \
    --hash=sha256:c4665508bcbac83a31ff8ab08f424b665200c0e1e645d2bd9ab3d3e557b6185b \
    --hash=sha256:c5f3ffd1e098dfc032d4d3af5c0ac64f6d286d98bc148698356847b80fa4de1b \
    --hash=sha256:cebc6fe843e0733ee827a282aca4999b596241195f43b4cc371d64fc6639da9e \
    --hash=sha256:d1381caf13ab9f300e30dd8feadb3de072aeb86f1d34a8569453ff32a7dea4bf \
    --hash=sha256:d7d86942e56ded512a594786a5ba0a5e521d02529b3826e7761a05138341a2ac \
    --hash=sha256:e31d432427dcbf4d86958c184b9bfd1e96b5b71f8eb17e6d02531f434fd335b8 \
    --hash=sha256:e95b1af3c5b07d9e643909b5abbec77cd9f1217e6d0bca72b0234736b9fb1f1b \
    --hash=sha256:f85209946d1fe94416debbb88d00eb92ce9cd5266775424ff81bc959e001acaf \
    --hash=sha256:feb0dacc61170ed7ab602d3d972a58f14ee3ee60494292d384649a3dc38ef463 \
    --hash=sha256:ff72b71b5d10d22ecb084d345fc26f42b5143c5533db5e2eaba7d2d335358876
    # via black
