#
# This file is autogenerated by pip-compile with python 3.9
# To update, run:
#
#    pip-compile --generate-hashes --output-file=.docker/lint/py-requirements.lock .docker/lint/py-requirements.txt
#
appdirs==1.4.4 \
    --hash=sha256:7d5d0167b2b1ba821647616af46a749d1c653740dd0d2415100fe26e27afdf41 \
    --hash=sha256:a841dacd6b99318a741b166adb07e19ee71a274450e68237b4650ca1055ab128
    # via black
black==21.7b0 \
    --hash=sha256:1c7aa6ada8ee864db745b22790a32f94b2795c253a75d6d9b5e439ff10d23116 \
    --hash=sha256:c8373c6491de9362e39271630b65b964607bc5c79c83783547d76c839b3aa219
    # via blue
blue==0.8.0 \
    --hash=sha256:0380f799693675f4dc0b06b812c646e95c582e9deada1b80bb10a4f2d894657a \
    --hash=sha256:40e8e09fba6344a912617783119d2ea57932fdb330905ded4eae0505446f0f68
    # via -r .docker/lint/py-requirements.txt
click==8.0.4 \
    --hash=sha256:6a7a62563bbfabfda3a38f3023a1db4a35978c0abd76f6c9605ecd6554d6d9b1 \
    --hash=sha256:8458d7b1287c5fb128c90e23381cf99dcde74beaf6c7ff6384ce84d6fe090adb
    # via black
flake8==4.0.1 \
    --hash=sha256:479b1304f72536a55948cb40a32dce8bb0ffe3501e26eaf292c7e60eb5e0428d \
    --hash=sha256:806e034dda44114815e23c16ef92f95c91e4c71100ff52813adf7132a6ad870d
    # via
    #   -r .docker/lint/py-requirements.txt
    #   blue
isort==5.10.1 \
    --hash=sha256:6f62d78e2f89b4500b080fe3a81690850cd254227f27f75c3a0c491a1f351ba7 \
    --hash=sha256:e8443a5e7a020e9d7f97f1d7d9cd17c88bcb3bc7e218bf9cf5095fe550be2951
    # via -r .docker/lint/py-requirements.txt
mccabe==0.6.1 \
    --hash=sha256:ab8a6258860da4b6677da4bd2fe5dc2c659cff31b3ee4f7f5d64e79735b80d42 \
    --hash=sha256:dd8d182285a0fe56bace7f45b5e7d1a6ebcbf524e8f3bd87eb0f125271b8831f
    # via flake8
mypy-extensions==0.4.3 \
    --hash=sha256:090fedd75945a69ae91ce1303b5824f428daf5a028d2f6ab8a299250a846f15d \
    --hash=sha256:2d82818f5bb3e369420cb3c4060a7970edba416647068eb4c5343488a6c604a8
    # via black
pathspec==0.9.0 \
    --hash=sha256:7d15c4ddb0b5c802d161efc417ec1a2558ea2653c2e8ad9c19098201dc1c993a \
    --hash=sha256:e564499435a2673d586f6b2130bb5b95f04a3ba06f81b8f895b651a3c76aabb1
    # via black
pycodestyle==2.8.0 \
    --hash=sha256:720f8b39dde8b293825e7ff02c475f3077124006db4f440dcbc9a20b76548a20 \
    --hash=sha256:eddd5847ef438ea1c7870ca7eb78a9d47ce0cdb4851a5523949f2601d0cbbe7f
    # via flake8
pyflakes==2.4.0 \
    --hash=sha256:05a85c2872edf37a4ed30b0cce2f6093e1d0581f8c19d7393122da7e25b2b24c \
    --hash=sha256:3bb3a3f256f4b7968c9c788781e4ff07dce46bdf12339dcda61053375426ee2e
    # via flake8
regex==2022.3.15 \
    --hash=sha256:0066a6631c92774391f2ea0f90268f0d82fffe39cb946f0f9c6b382a1c61a5e5 \
    --hash=sha256:0100f0ded953b6b17f18207907159ba9be3159649ad2d9b15535a74de70359d3 \
    --hash=sha256:01c913cf573d1da0b34c9001a94977273b5ee2fe4cb222a5d5b320f3a9d1a835 \
    --hash=sha256:0214ff6dff1b5a4b4740cfe6e47f2c4c92ba2938fca7abbea1359036305c132f \
    --hash=sha256:029e9e7e0d4d7c3446aa92474cbb07dafb0b2ef1d5ca8365f059998c010600e6 \
    --hash=sha256:0317eb6331146c524751354ebef76a7a531853d7207a4d760dfb5f553137a2a4 \
    --hash=sha256:04b5ee2b6d29b4a99d38a6469aa1db65bb79d283186e8460542c517da195a8f6 \
    --hash=sha256:04c09b9651fa814eeeb38e029dc1ae83149203e4eeb94e52bb868fadf64852bc \
    --hash=sha256:058054c7a54428d5c3e3739ac1e363dc9347d15e64833817797dc4f01fb94bb8 \
    --hash=sha256:060f9066d2177905203516c62c8ea0066c16c7342971d54204d4e51b13dfbe2e \
    --hash=sha256:0a7b75cc7bb4cc0334380053e4671c560e31272c9d2d5a6c4b8e9ae2c9bd0f82 \
    --hash=sha256:0e2630ae470d6a9f8e4967388c1eda4762706f5750ecf387785e0df63a4cc5af \
    --hash=sha256:174d964bc683b1e8b0970e1325f75e6242786a92a22cedb2a6ec3e4ae25358bd \
    --hash=sha256:25ecb1dffc5e409ca42f01a2b2437f93024ff1612c1e7983bad9ee191a5e8828 \
    --hash=sha256:286908cbe86b1a0240a867aecfe26a439b16a1f585d2de133540549831f8e774 \
    --hash=sha256:303b15a3d32bf5fe5a73288c316bac5807587f193ceee4eb6d96ee38663789fa \
    --hash=sha256:34bb30c095342797608727baf5c8aa122406aa5edfa12107b8e08eb432d4c5d7 \
    --hash=sha256:3e265b388cc80c7c9c01bb4f26c9e536c40b2c05b7231fbb347381a2e1c8bf43 \
    --hash=sha256:3e4d710ff6539026e49f15a3797c6b1053573c2b65210373ef0eec24480b900b \
    --hash=sha256:42eb13b93765c6698a5ab3bcd318d8c39bb42e5fa8a7fcf7d8d98923f3babdb1 \
    --hash=sha256:48081b6bff550fe10bcc20c01cf6c83dbca2ccf74eeacbfac240264775fd7ecf \
    --hash=sha256:491fc754428514750ab21c2d294486223ce7385446f2c2f5df87ddbed32979ae \
    --hash=sha256:4d1445824944e642ffa54c4f512da17a953699c563a356d8b8cbdad26d3b7598 \
    --hash=sha256:530a3a16e57bd3ea0dff5ec2695c09632c9d6c549f5869d6cf639f5f7153fb9c \
    --hash=sha256:591d4fba554f24bfa0421ba040cd199210a24301f923ed4b628e1e15a1001ff4 \
    --hash=sha256:5a86cac984da35377ca9ac5e2e0589bd11b3aebb61801204bd99c41fac516f0d \
    --hash=sha256:5b1ceede92400b3acfebc1425937454aaf2c62cd5261a3fabd560c61e74f6da3 \
    --hash=sha256:5b2e24f3ae03af3d8e8e6d824c891fea0ca9035c5d06ac194a2700373861a15c \
    --hash=sha256:6504c22c173bb74075d7479852356bb7ca80e28c8e548d4d630a104f231e04fb \
    --hash=sha256:673f5a393d603c34477dbad70db30025ccd23996a2d0916e942aac91cc42b31a \
    --hash=sha256:6ca6dcd17f537e9f3793cdde20ac6076af51b2bd8ad5fe69fa54373b17b48d3c \
    --hash=sha256:6e1d8ed9e61f37881c8db383a124829a6e8114a69bd3377a25aecaeb9b3538f8 \
    --hash=sha256:75a5e6ce18982f0713c4bac0704bf3f65eed9b277edd3fb9d2b0ff1815943327 \
    --hash=sha256:76435a92e444e5b8f346aed76801db1c1e5176c4c7e17daba074fbb46cb8d783 \
    --hash=sha256:764e66a0e382829f6ad3bbce0987153080a511c19eb3d2f8ead3f766d14433ac \
    --hash=sha256:78ce90c50d0ec970bd0002462430e00d1ecfd1255218d52d08b3a143fe4bde18 \
    --hash=sha256:794a6bc66c43db8ed06698fc32aaeaac5c4812d9f825e9589e56f311da7becd9 \
    --hash=sha256:797437e6024dc1589163675ae82f303103063a0a580c6fd8d0b9a0a6708da29e \
    --hash=sha256:7b7494df3fdcc95a1f76cf134d00b54962dd83189520fd35b8fcd474c0aa616d \
    --hash=sha256:7d1a6e403ac8f1d91d8f51c441c3f99367488ed822bda2b40836690d5d0059f5 \
    --hash=sha256:7f63877c87552992894ea1444378b9c3a1d80819880ae226bb30b04789c0828c \
    --hash=sha256:8923e1c5231549fee78ff9b2914fad25f2e3517572bb34bfaa3aea682a758683 \
    --hash=sha256:8afcd1c2297bc989dceaa0379ba15a6df16da69493635e53431d2d0c30356086 \
    --hash=sha256:8b1cc70e31aacc152a12b39245974c8fccf313187eead559ee5966d50e1b5817 \
    --hash=sha256:8d1f3ea0d1924feb4cf6afb2699259f658a08ac6f8f3a4a806661c2dfcd66db1 \
    --hash=sha256:940570c1a305bac10e8b2bc934b85a7709c649317dd16520471e85660275083a \
    --hash=sha256:947a8525c0a95ba8dc873191f9017d1b1e3024d4dc757f694e0af3026e34044a \
    --hash=sha256:9beb03ff6fe509d6455971c2489dceb31687b38781206bcec8e68bdfcf5f1db2 \
    --hash=sha256:9c144405220c5ad3f5deab4c77f3e80d52e83804a6b48b6bed3d81a9a0238e4c \
    --hash=sha256:a98ae493e4e80b3ded6503ff087a8492db058e9c68de371ac3df78e88360b374 \
    --hash=sha256:aa2ce79f3889720b46e0aaba338148a1069aea55fda2c29e0626b4db20d9fcb7 \
    --hash=sha256:aa5eedfc2461c16a092a2fabc5895f159915f25731740c9152a1b00f4bcf629a \
    --hash=sha256:ab5d89cfaf71807da93c131bb7a19c3e19eaefd613d14f3bce4e97de830b15df \
    --hash=sha256:b4829db3737480a9d5bfb1c0320c4ee13736f555f53a056aacc874f140e98f64 \
    --hash=sha256:b52771f05cff7517f7067fef19ffe545b1f05959e440d42247a17cd9bddae11b \
    --hash=sha256:b8248f19a878c72d8c0a785a2cd45d69432e443c9f10ab924c29adda77b324ae \
    --hash=sha256:b9809404528a999cf02a400ee5677c81959bc5cb938fdc696b62eb40214e3632 \
    --hash=sha256:c155a1a80c5e7a8fa1d9bb1bf3c8a953532b53ab1196092749bafb9d3a7cbb60 \
    --hash=sha256:c33ce0c665dd325200209340a88438ba7a470bd5f09f7424e520e1a3ff835b52 \
    --hash=sha256:c5adc854764732dbd95a713f2e6c3e914e17f2ccdc331b9ecb777484c31f73b6 \
    --hash=sha256:cb374a2a4dba7c4be0b19dc7b1adc50e6c2c26c3369ac629f50f3c198f3743a4 \
    --hash=sha256:cd00859291658fe1fda48a99559fb34da891c50385b0bfb35b808f98956ef1e7 \
    --hash=sha256:ce3057777a14a9a1399b81eca6a6bfc9612047811234398b84c54aeff6d536ea \
    --hash=sha256:d0a5a1fdc9f148a8827d55b05425801acebeeefc9e86065c7ac8b8cc740a91ff \
    --hash=sha256:dad3991f0678facca1a0831ec1ddece2eb4d1dd0f5150acb9440f73a3b863907 \
    --hash=sha256:dc7b7c16a519d924c50876fb152af661a20749dcbf653c8759e715c1a7a95b18 \
    --hash=sha256:dcbb7665a9db9f8d7642171152c45da60e16c4f706191d66a1dc47ec9f820aed \
    --hash=sha256:df037c01d68d1958dad3463e2881d3638a0d6693483f58ad41001aa53a83fcea \
    --hash=sha256:f08a7e4d62ea2a45557f561eea87c907222575ca2134180b6974f8ac81e24f06 \
    --hash=sha256:f16cf7e4e1bf88fecf7f41da4061f181a6170e179d956420f84e700fb8a3fd6b \
    --hash=sha256:f2c53f3af011393ab5ed9ab640fa0876757498aac188f782a0c620e33faa2a3d \
    --hash=sha256:f320c070dea3f20c11213e56dbbd7294c05743417cde01392148964b7bc2d31a \
    --hash=sha256:f553a1190ae6cd26e553a79f6b6cfba7b8f304da2071052fa33469da075ea625 \
    --hash=sha256:fc8c7958d14e8270171b3d72792b609c057ec0fa17d507729835b5cff6b7f69a
    # via black
tomli==1.2.3 \
    --hash=sha256:05b6166bff487dc068d322585c7ea4ef78deed501cc124060e0f238e89a9231f \
    --hash=sha256:e3069e4be3ead9668e21cb9b074cd948f7b3113fd9c8bba083f48247aab8b11c
    # via black
